
Microsoft Visual Studio Solution File, Format Version 12.00
# Visual Studio Version 17
VisualStudioVersion = 17.5.33516.290
MinimumVisualStudioVersion = 10.0.40219.1
Project("{FAE04EC0-301F-11D3-BF4B-00C04F79EFBC}") = "reverse", "reverse\reverse.csproj", "{D3FC4C65-730B-4FEC-AD57-35E171E3ABC8}"
EndProject
Global
	GlobalSection(SolutionConfigurationPlatforms) = preSolution
		Debug|Any CPU = Debug|Any CPU
		Release|Any CPU = Release|Any CPU
	EndGlobalSection
	GlobalSection(ProjectConfigurationPlatforms) = postSolution
		{D3FC4C65-730B-4FEC-AD57-35E171E3ABC8}.Debug|Any CPU.ActiveCfg = Debug|Any CPU
		{D3FC4C65-730B-4FEC-AD57-35E171E3ABC8}.Debug|Any CPU.Build.0 = Debug|Any CPU
		{D3FC4C65-730B-4FEC-AD57-35E171E3ABC8}.Release|Any CPU.ActiveCfg = Release|Any CPU
		{D3FC4C65-730B-4FEC-AD57-35E171E3ABC8}.Release|Any CPU.Build.0 = Release|Any CPU
	EndGlobalSection
	GlobalSection(SolutionProperties) = preSolution
		HideSolutionNode = FALSE
	EndGlobalSection
	GlobalSection(ExtensibilityGlobals) = postSolution
		SolutionGuid = {8848F3AA-DE7C-4F65-A80D-2D2AF6EBF80B}
	EndGlobalSection
EndGlobal
